<?xml version="1.0" encoding="utf-8"?>
<Project ToolsVersion="4.0" xmlns="http://schemas.microsoft.com/developer/msbuild/2003">
  <ItemGroup>
    <Filter Include="源文件">
      <UniqueIdentifier>{4FC737F1-C7A5-4376-A066-2A32D752A2FF}</UniqueIdentifier>
      <Extensions>cpp;c;cc;cxx;def;odl;idl;hpj;bat;asm;asmx</Extensions>
    </Filter>
    <Filter Include="头文件">
      <UniqueIdentifier>{93995380-89BD-4b04-88EB-625FBE52EBFB}</UniqueIdentifier>
      <Extensions>h;hh;hpp;hxx;hm;inl;inc;xsd</Extensions>
    </Filter>
    <Filter Include="资源文件">
      <UniqueIdentifier>{67DA6AB6-F800-4c08-8B7A-83BB121AAD01}</UniqueIdentifier>
      <Extensions>rc;ico;cur;bmp;dlg;rc2;rct;bin;rgs;gif;jpg;jpeg;jpe;resx;tiff;tif;png;wav;mfcribbon-ms</Extensions>
    </Filter>
  </ItemGroup>
  <ItemGroup>
    <ClInclude Include="Camera.h">
      <Filter>头文件</Filter>
    </ClInclude>
    <ClInclude Include="DirectInputClass.h">
      <Filter>头文件</Filter>
    </ClInclude>
    <ClInclude Include="GeometryData.h">
      <Filter>头文件</Filter>
    </ClInclude>
    <ClInclude Include="MYAPP.h">
      <Filter>头文件</Filter>
    </ClInclude>
    <ClInclude Include="SETTINGS.h">
      <Filter>头文件</Filter>
    </ClInclude>
    <ClInclude Include="XTest.h">
      <Filter>头文件</Filter>
    </ClInclude>
    <ClInclude Include="..\MMDFormats\MikuMikuFormats\EncodingHelper.h">
      <Filter>头文件</Filter>
    </ClInclude>
    <ClInclude Include="..\MMDFormats\MikuMikuFormats\Pmd.h">
      <Filter>头文件</Filter>
    </ClInclude>
    <ClInclude Include="..\MMDFormats\MikuMikuFormats\Pmx.h">
      <Filter>头文件</Filter>
    </ClInclude>
    <ClInclude Include="..\MMDFormats\MikuMikuFormats\Vmd.h">
      <Filter>头文件</Filter>
    </ClInclude>
    <ClInclude Include="MotionController.h">
      <Filter>头文件</Filter>
    </ClInclude>
    <ClInclude Include="mathUtil.h">
      <Filter>头文件</Filter>
    </ClInclude>
    <ClInclude Include="math3d.h">
      <Filter>头文件</Filter>
    </ClInclude>
    <ClInclude Include="imgui_impl_dx11.h">
      <Filter>头文件</Filter>
    </ClInclude>
    <ClInclude Include="imgui\imgui_internal.h">
      <Filter>头文件</Filter>
    </ClInclude>
    <ClInclude Include="imgui\imconfig.h">
      <Filter>头文件</Filter>
    </ClInclude>
    <ClInclude Include="imgui\imgui.h">
      <Filter>头文件</Filter>
    </ClInclude>
    <ClInclude Include="UserController.h">
      <Filter>头文件</Filter>
    </ClInclude>
    <ClInclude Include="MMDPhysX.h">
      <Filter>头文件</Filter>
    </ClInclude>
    <ClInclude Include="PhysXBasic.h">
      <Filter>头文件</Filter>
    </ClInclude>
  </ItemGroup>
  <ItemGroup>
    <ClCompile Include="DirectInputClass.cpp">
      <Filter>源文件</Filter>
    </ClCompile>
    <ClCompile Include="main.cpp">
      <Filter>源文件</Filter>
    </ClCompile>
    <ClCompile Include="MYAPP.cpp">
      <Filter>源文件</Filter>
    </ClCompile>
    <ClCompile Include="XTest.cpp">
      <Filter>源文件</Filter>
    </ClCompile>
    <ClCompile Include="Camera.cpp">
      <Filter>源文件</Filter>
    </ClCompile>
    <ClCompile Include="..\MMDFormats\MikuMikuFormats\Pmx.cpp">
      <Filter>源文件</Filter>
    </ClCompile>
    <ClCompile Include="MotionController.cpp">
      <Filter>源文件</Filter>
    </ClCompile>
    <ClCompile Include="mathUtil.cpp">
      <Filter>源文件</Filter>
    </ClCompile>
    <ClCompile Include="imgui_impl_dx11.cpp">
      <Filter>源文件</Filter>
    </ClCompile>
    <ClCompile Include="imgui\imgui_demo.cpp">
      <Filter>源文件</Filter>
    </ClCompile>
    <ClCompile Include="imgui\imgui_draw.cpp">
      <Filter>源文件</Filter>
    </ClCompile>
    <ClCompile Include="imgui\imgui.cpp">
      <Filter>源文件</Filter>
    </ClCompile>
    <ClCompile Include="UserController.cpp">
      <Filter>源文件</Filter>
    </ClCompile>
    <ClCompile Include="MMDPhysX.cpp">
      <Filter>源文件</Filter>
    </ClCompile>
    <ClCompile Include="PhysXBasic.cpp">
      <Filter>源文件</Filter>
    </ClCompile>
  </ItemGroup>
</Project>